// !$*UTF8*$!
{
	archiveVersion = 1;
	classes = {
	};
	objectVersion = 50;
	objects = {

/* Begin PBXBuildFile section */
		932B121F267737E500479C85 /* DetailsView.swift in Sources */ = {isa = PBXBuildFile; fileRef = 932B121E267737E500479C85 /* DetailsView.swift */; };
		932B122126776B9C00479C85 /* SceneDelegate.swift in Sources */ = {isa = PBXBuildFile; fileRef = 932B122026776B9C00479C85 /* SceneDelegate.swift */; };
		932B122326776BBE00479C85 /* AppDelegate.swift in Sources */ = {isa = PBXBuildFile; fileRef = 932B122226776BBE00479C85 /* AppDelegate.swift */; };
		933ABDAD2679CEF000A46B55 /* LaunchScreen.storyboard in Resources */ = {isa = PBXBuildFile; fileRef = 933ABDAB2679CEF000A46B55 /* LaunchScreen.storyboard */; };
		93411C802676189D0016C790 /* ListView.swift in Sources */ = {isa = PBXBuildFile; fileRef = 93411C7F2676189D0016C790 /* ListView.swift */; };
		9367CFAD2674C401005FC98B /* ContentView.swift in Sources */ = {isa = PBXBuildFile; fileRef = 9367CFAC2674C401005FC98B /* ContentView.swift */; };
		9367CFAF2674C403005FC98B /* Assets.xcassets in Resources */ = {isa = PBXBuildFile; fileRef = 9367CFAE2674C403005FC98B /* Assets.xcassets */; };
		9367CFB22674C403005FC98B /* Preview Assets.xcassets in Resources */ = {isa = PBXBuildFile; fileRef = 9367CFB12674C403005FC98B /* Preview Assets.xcassets */; };
		93C735282674C88A00CC7447 /* MasterDetail.framework in Frameworks */ = {isa = PBXBuildFile; fileRef = 93C735272674C88A00CC7447 /* MasterDetail.framework */; };
		93C735292674C88A00CC7447 /* MasterDetail.framework in Embed Frameworks */ = {isa = PBXBuildFile; fileRef = 93C735272674C88A00CC7447 /* MasterDetail.framework */; settings = {ATTRIBUTES = (CodeSignOnCopy, RemoveHeadersOnCopy, ); }; };
		93C7352D2674CDF100CC7447 /* SimpleRouterState.swift in Sources */ = {isa = PBXBuildFile; fileRef = 93C7352C2674CDF100CC7447 /* SimpleRouterState.swift */; };
		93C7352F2674CE2900CC7447 /* MutableStateBuilder.swift in Sources */ = {isa = PBXBuildFile; fileRef = 93C7352E2674CE2900CC7447 /* MutableStateBuilder.swift */; };
		93C735312674CE5600CC7447 /* ObservableValue.swift in Sources */ = {isa = PBXBuildFile; fileRef = 93C735302674CE5600CC7447 /* ObservableValue.swift */; };
		93C735352674CEF900CC7447 /* RootView.swift in Sources */ = {isa = PBXBuildFile; fileRef = 93C735342674CEF900CC7447 /* RootView.swift */; };
/* End PBXBuildFile section */

/* Begin PBXCopyFilesBuildPhase section */
		93C7352A2674C88A00CC7447 /* Embed Frameworks */ = {
			isa = PBXCopyFilesBuildPhase;
			buildActionMask = 2147483647;
			dstPath = "";
			dstSubfolderSpec = 10;
			files = (
				93C735292674C88A00CC7447 /* MasterDetail.framework in Embed Frameworks */,
			);
			name = "Embed Frameworks";
			runOnlyForDeploymentPostprocessing = 0;
		};
/* End PBXCopyFilesBuildPhase section */

/* Begin PBXFileReference section */
		932B121E267737E500479C85 /* DetailsView.swift */ = {isa = PBXFileReference; lastKnownFileType = sourcecode.swift; path = DetailsView.swift; sourceTree = "<group>"; };
		932B122026776B9C00479C85 /* SceneDelegate.swift */ = {isa = PBXFileReference; lastKnownFileType = sourcecode.swift; path = SceneDelegate.swift; sourceTree = "<group>"; };
		932B122226776BBE00479C85 /* AppDelegate.swift */ = {isa = PBXFileReference; lastKnownFileType = sourcecode.swift; path = AppDelegate.swift; sourceTree = "<group>"; };
		933ABDAC2679CEF000A46B55 /* Base */ = {isa = PBXFileReference; lastKnownFileType = file.storyboard; name = Base; path = "../../../counter/ios-app/ios-app/Base.lproj/LaunchScreen.storyboard"; sourceTree = "<group>"; };
		93411C7F2676189D0016C790 /* ListView.swift */ = {isa = PBXFileReference; lastKnownFileType = sourcecode.swift; path = ListView.swift; sourceTree = "<group>"; };
		9367CFA72674C401005FC98B /* ios-app.app */ = {isa = PBXFileReference; explicitFileType = wrapper.application; includeInIndex = 0; path = "ios-app.app"; sourceTree = BUILT_PRODUCTS_DIR; };
		9367CFAC2674C401005FC98B /* ContentView.swift */ = {isa = PBXFileReference; lastKnownFileType = sourcecode.swift; path = ContentView.swift; sourceTree = "<group>"; };
		9367CFAE2674C403005FC98B /* Assets.xcassets */ = {isa = PBXFileReference; lastKnownFileType = folder.assetcatalog; path = Assets.xcassets; sourceTree = "<group>"; };
		9367CFB12674C403005FC98B /* Preview Assets.xcassets */ = {isa = PBXFileReference; lastKnownFileType = folder.assetcatalog; path = "Preview Assets.xcassets"; sourceTree = "<group>"; };
		9367CFB32674C403005FC98B /* Info.plist */ = {isa = PBXFileReference; lastKnownFileType = text.plist.xml; path = Info.plist; sourceTree = "<group>"; };
		93C735262674C87500CC7447 /* shared */ = {isa = PBXFileReference; lastKnownFileType = folder; name = shared; path = ../shared; sourceTree = "<group>"; };
		93C735272674C88A00CC7447 /* MasterDetail.framework */ = {isa = PBXFileReference; lastKnownFileType = wrapper.framework; name = MasterDetail.framework; path = "../shared/build/xcode-frameworks/MasterDetail.framework"; sourceTree = "<group>"; };
		93C7352C2674CDF100CC7447 /* SimpleRouterState.swift */ = {isa = PBXFileReference; lastKnownFileType = sourcecode.swift; path = SimpleRouterState.swift; sourceTree = "<group>"; };
		93C7352E2674CE2900CC7447 /* MutableStateBuilder.swift */ = {isa = PBXFileReference; lastKnownFileType = sourcecode.swift; path = MutableStateBuilder.swift; sourceTree = "<group>"; };
		93C735302674CE5600CC7447 /* ObservableValue.swift */ = {isa = PBXFileReference; lastKnownFileType = sourcecode.swift; path = ObservableValue.swift; sourceTree = "<group>"; };
		93C735342674CEF900CC7447 /* RootView.swift */ = {isa = PBXFileReference; lastKnownFileType = sourcecode.swift; path = RootView.swift; sourceTree = "<group>"; };
/* End PBXFileReference section */

/* Begin PBXFrameworksBuildPhase section */
		9367CFA42674C401005FC98B /* Frameworks */ = {
			isa = PBXFrameworksBuildPhase;
			buildActionMask = 2147483647;
			files = (
				93C735282674C88A00CC7447 /* MasterDetail.framework in Frameworks */,
			);
			runOnlyForDeploymentPostprocessing = 0;
		};
/* End PBXFrameworksBuildPhase section */

/* Begin PBXGroup section */
		9367CF9E2674C401005FC98B = {
			isa = PBXGroup;
			children = (
				9367CFA92674C401005FC98B /* ios-app */,
				9367CFA82674C401005FC98B /* Products */,
				93C735252674C87400CC7447 /* Frameworks */,
			);
			sourceTree = "<group>";
		};
		9367CFA82674C401005FC98B /* Products */ = {
			isa = PBXGroup;
			children = (
				9367CFA72674C401005FC98B /* ios-app.app */,
			);
			name = Products;
			sourceTree = "<group>";
		};
		9367CFA92674C401005FC98B /* ios-app */ = {
			isa = PBXGroup;
			children = (
				933ABDAB2679CEF000A46B55 /* LaunchScreen.storyboard */,
				93C735302674CE5600CC7447 /* ObservableValue.swift */,
				93C735342674CEF900CC7447 /* RootView.swift */,
				93C7352E2674CE2900CC7447 /* MutableStateBuilder.swift */,
				93C7352C2674CDF100CC7447 /* SimpleRouterState.swift */,
				9367CFAC2674C401005FC98B /* ContentView.swift */,
				93411C7F2676189D0016C790 /* ListView.swift */,
				932B121E267737E500479C85 /* DetailsView.swift */,
				932B122026776B9C00479C85 /* SceneDelegate.swift */,
				932B122226776BBE00479C85 /* AppDelegate.swift */,
				9367CFAE2674C403005FC98B /* Assets.xcassets */,
				9367CFB32674C403005FC98B /* Info.plist */,
				9367CFB02674C403005FC98B /* Preview Content */,
			);
			path = "ios-app";
			sourceTree = "<group>";
		};
		9367CFB02674C403005FC98B /* Preview Content */ = {
			isa = PBXGroup;
			children = (
				9367CFB12674C403005FC98B /* Preview Assets.xcassets */,
			);
			path = "Preview Content";
			sourceTree = "<group>";
		};
		93C735252674C87400CC7447 /* Frameworks */ = {
			isa = PBXGroup;
			children = (
				93C735272674C88A00CC7447 /* MasterDetail.framework */,
				93C735262674C87500CC7447 /* shared */,
			);
			name = Frameworks;
			sourceTree = "<group>";
		};
/* End PBXGroup section */

/* Begin PBXNativeTarget section */
		9367CFA62674C401005FC98B /* ios-app */ = {
			isa = PBXNativeTarget;
			buildConfigurationList = 9367CFB62674C403005FC98B /* Build configuration list for PBXNativeTarget "ios-app" */;
			buildPhases = (
				93C7352B2674C93A00CC7447 /* ShellScript */,
				9367CFA32674C401005FC98B /* Sources */,
				9367CFA42674C401005FC98B /* Frameworks */,
				9367CFA52674C401005FC98B /* Resources */,
				93C7352A2674C88A00CC7447 /* Embed Frameworks */,
			);
			buildRules = (
			);
			dependencies = (
			);
			name = "ios-app";
			productName = iosApp;
			productReference = 9367CFA72674C401005FC98B /* ios-app.app */;
			productType = "com.apple.product-type.application";
		};
/* End PBXNativeTarget section */

/* Begin PBXProject section */
		9367CF9F2674C401005FC98B /* Project object */ = {
			isa = PBXProject;
			attributes = {
				LastSwiftUpdateCheck = 1240;
				LastUpgradeCheck = 1240;
				ORGANIZATIONNAME = "Arkadii Ivanov";
				TargetAttributes = {
					9367CFA62674C401005FC98B = {
						CreatedOnToolsVersion = 12.4;
					};
				};
			};
			buildConfigurationList = 9367CFA22674C401005FC98B /* Build configuration list for PBXProject "ios-app" */;
			compatibilityVersion = "Xcode 9.3";
			developmentRegion = en;
			hasScannedForEncodings = 0;
			knownRegions = (
				en,
				Base,
			);
			mainGroup = 9367CF9E2674C401005FC98B;
			productRefGroup = 9367CFA82674C401005FC98B /* Products */;
			projectDirPath = "";
			projectRoot = "";
			targets = (
				9367CFA62674C401005FC98B /* ios-app */,
			);
		};
/* End PBXProject section */

/* Begin PBXResourcesBuildPhase section */
		9367CFA52674C401005FC98B /* Resources */ = {
			isa = PBXResourcesBuildPhase;
			buildActionMask = 2147483647;
			files = (
				933ABDAD2679CEF000A46B55 /* LaunchScreen.storyboard in Resources */,
				9367CFB22674C403005FC98B /* Preview Assets.xcassets in Resources */,
				9367CFAF2674C403005FC98B /* Assets.xcassets in Resources */,
			);
			runOnlyForDeploymentPostprocessing = 0;
		};
/* End PBXResourcesBuildPhase section */

/* Begin PBXShellScriptBuildPhase section */
		93C7352B2674C93A00CC7447 /* ShellScript */ = {
			isa = PBXShellScriptBuildPhase;
			buildActionMask = 2147483647;
			files = (
			);
			inputFileListPaths = (
			);
			inputPaths = (
			);
			outputFileListPaths = (
			);
			outputPaths = (
			);
			runOnlyForDeploymentPostprocessing = 0;
			shellPath = /bin/sh;
			shellScript = "# Type a script or drag a script file from your workspace to insert its path.\n#cd \"$SRCROOT\"\n#cd ../../..\n#./gradlew :sample:master-detail:shared:packForXCode -PXCODE_CONFIGURATION=${CONFIGURATION} -Dorg.gradle.java.home=//Library/Java/JavaVirtualMachines/adoptopenjdk-11.jdk/Contents/Home\ncd $SRCROOT/../../..\n./gradlew :sample:counter:shared:packForXCode -PXCODE_CONFIGURATION=${CONFIGURATION}\ncd $SRCROOT\n";
		};
/* End PBXShellScriptBuildPhase section */

/* Begin PBXSourcesBuildPhase section */
		9367CFA32674C401005FC98B /* Sources */ = {
			isa = PBXSourcesBuildPhase;
			buildActionMask = 2147483647;
			files = (
				93411C802676189D0016C790 /* ListView.swift in Sources */,
				9367CFAD2674C401005FC98B /* ContentView.swift in Sources */,
				932B122126776B9C00479C85 /* SceneDelegate.swift in Sources */,
				93C735312674CE5600CC7447 /* ObservableValue.swift in Sources */,
				93C7352D2674CDF100CC7447 /* SimpleRouterState.swift in Sources */,
				932B121F267737E500479C85 /* DetailsView.swift in Sources */,
				93C7352F2674CE2900CC7447 /* MutableStateBuilder.swift in Sources */,
				932B122326776BBE00479C85 /* AppDelegate.swift in Sources */,
				93C735352674CEF900CC7447 /* RootView.swift in Sources */,
			);
			runOnlyForDeploymentPostprocessing = 0;
		};
/* End PBXSourcesBuildPhase section */

/* Begin PBXVariantGroup section */
		933ABDAB2679CEF000A46B55 /* LaunchScreen.storyboard */ = {
			isa = PBXVariantGroup;
			children = (
				933ABDAC2679CEF000A46B55 /* Base */,
			);
			name = LaunchScreen.storyboard;
			sourceTree = "<group>";
		};
/* End PBXVariantGroup section */

/* Begin XCBuildConfiguration section */
		9367CFB42674C403005FC98B /* Debug */ = {
			isa = XCBuildConfiguration;
			buildSettings = {
				ALWAYS_SEARCH_USER_PATHS = NO;
				CLANG_ANALYZER_NONNULL = YES;
				CLANG_ANALYZER_NUMBER_OBJECT_CONVERSION = YES_AGGRESSIVE;
				CLANG_CXX_LANGUAGE_STANDARD = "gnu++14";
				CLANG_CXX_LIBRARY = "libc++";
				CLANG_ENABLE_MODULES = YES;
				CLANG_ENABLE_OBJC_ARC = YES;
				CLANG_ENABLE_OBJC_WEAK = YES;
				CLANG_WARN_BLOCK_CAPTURE_AUTORELEASING = YES;
				CLANG_WARN_BOOL_CONVERSION = YES;
				CLANG_WARN_COMMA = YES;
				CLANG_WARN_CONSTANT_CONVERSION = YES;
				CLANG_WARN_DEPRECATED_OBJC_IMPLEMENTATIONS = YES;
				CLANG_WARN_DIRECT_OBJC_ISA_USAGE = YES_ERROR;
				CLANG_WARN_DOCUMENTATION_COMMENTS = YES;
				CLANG_WARN_EMPTY_BODY = YES;
				CLANG_WARN_ENUM_CONVERSION = YES;
				CLANG_WARN_INFINITE_RECURSION = YES;
				CLANG_WARN_INT_CONVERSION = YES;
				CLANG_WARN_NON_LITERAL_NULL_CONVERSION = YES;
				CLANG_WARN_OBJC_IMPLICIT_RETAIN_SELF = YES;
				CLANG_WARN_OBJC_LITERAL_CONVERSION = YES;
				CLANG_WARN_OBJC_ROOT_CLASS = YES_ERROR;
				CLANG_WARN_QUOTED_INCLUDE_IN_FRAMEWORK_HEADER = YES;
				CLANG_WARN_RANGE_LOOP_ANALYSIS = YES;
				CLANG_WARN_STRICT_PROTOTYPES = YES;
				CLANG_WARN_SUSPICIOUS_MOVE = YES;
				CLANG_WARN_UNGUARDED_AVAILABILITY = YES_AGGRESSIVE;
				CLANG_WARN_UNREACHABLE_CODE = YES;
				CLANG_WARN__DUPLICATE_METHOD_MATCH = YES;
				COPY_PHASE_STRIP = NO;
				DEBUG_INFORMATION_FORMAT = dwarf;
				ENABLE_STRICT_OBJC_MSGSEND = YES;
				ENABLE_TESTABILITY = YES;
				GCC_C_LANGUAGE_STANDARD = gnu11;
				GCC_DYNAMIC_NO_PIC = NO;
				GCC_NO_COMMON_BLOCKS = YES;
				GCC_OPTIMIZATION_LEVEL = 0;
				GCC_PREPROCESSOR_DEFINITIONS = (
					"DEBUG=1",
					"$(inherited)",
				);
				GCC_WARN_64_TO_32_BIT_CONVERSION = YES;
				GCC_WARN_ABOUT_RETURN_TYPE = YES_ERROR;
				GCC_WARN_UNDECLARED_SELECTOR = YES;
				GCC_WARN_UNINITIALIZED_AUTOS = YES_AGGRESSIVE;
				GCC_WARN_UNUSED_FUNCTION = YES;
				GCC_WARN_UNUSED_VARIABLE = YES;
				IPHONEOS_DEPLOYMENT_TARGET = 14.4;
				MTL_ENABLE_DEBUG_INFO = INCLUDE_SOURCE;
				MTL_FAST_MATH = YES;
				ONLY_ACTIVE_ARCH = YES;
				SDKROOT = iphoneos;
				SWIFT_ACTIVE_COMPILATION_CONDITIONS = DEBUG;
				SWIFT_OPTIMIZATION_LEVEL = "-Onone";
			};
			name = Debug;
		};
		9367CFB52674C403005FC98B /* Release */ = {
			isa = XCBuildConfiguration;
			buildSettings = {
				ALWAYS_SEARCH_USER_PATHS = NO;
				CLANG_ANALYZER_NONNULL = YES;
				CLANG_ANALYZER_NUMBER_OBJECT_CONVERSION = YES_AGGRESSIVE;
				CLANG_CXX_LANGUAGE_STANDARD = "gnu++14";
				CLANG_CXX_LIBRARY = "libc++";
				CLANG_ENABLE_MODULES = YES;
				CLANG_ENABLE_OBJC_ARC = YES;
				CLANG_ENABLE_OBJC_WEAK = YES;
				CLANG_WARN_BLOCK_CAPTURE_AUTORELEASING = YES;
				CLANG_WARN_BOOL_CONVERSION = YES;
				CLANG_WARN_COMMA = YES;
				CLANG_WARN_CONSTANT_CONVERSION = YES;
				CLANG_WARN_DEPRECATED_OBJC_IMPLEMENTATIONS = YES;
				CLANG_WARN_DIRECT_OBJC_ISA_USAGE = YES_ERROR;
				CLANG_WARN_DOCUMENTATION_COMMENTS = YES;
				CLANG_WARN_EMPTY_BODY = YES;
				CLANG_WARN_ENUM_CONVERSION = YES;
				CLANG_WARN_INFINITE_RECURSION = YES;
				CLANG_WARN_INT_CONVERSION = YES;
				CLANG_WARN_NON_LITERAL_NULL_CONVERSION = YES;
				CLANG_WARN_OBJC_IMPLICIT_RETAIN_SELF = YES;
				CLANG_WARN_OBJC_LITERAL_CONVERSION = YES;
				CLANG_WARN_OBJC_ROOT_CLASS = YES_ERROR;
				CLANG_WARN_QUOTED_INCLUDE_IN_FRAMEWORK_HEADER = YES;
				CLANG_WARN_RANGE_LOOP_ANALYSIS = YES;
				CLANG_WARN_STRICT_PROTOTYPES = YES;
				CLANG_WARN_SUSPICIOUS_MOVE = YES;
				CLANG_WARN_UNGUARDED_AVAILABILITY = YES_AGGRESSIVE;
				CLANG_WARN_UNREACHABLE_CODE = YES;
				CLANG_WARN__DUPLICATE_METHOD_MATCH = YES;
				COPY_PHASE_STRIP = NO;
				DEBUG_INFORMATION_FORMAT = "dwarf-with-dsym";
				ENABLE_NS_ASSERTIONS = NO;
				ENABLE_STRICT_OBJC_MSGSEND = YES;
				GCC_C_LANGUAGE_STANDARD = gnu11;
				GCC_NO_COMMON_BLOCKS = YES;
				GCC_WARN_64_TO_32_BIT_CONVERSION = YES;
				GCC_WARN_ABOUT_RETURN_TYPE = YES_ERROR;
				GCC_WARN_UNDECLARED_SELECTOR = YES;
				GCC_WARN_UNINITIALIZED_AUTOS = YES_AGGRESSIVE;
				GCC_WARN_UNUSED_FUNCTION = YES;
				GCC_WARN_UNUSED_VARIABLE = YES;
				IPHONEOS_DEPLOYMENT_TARGET = 14.4;
				MTL_ENABLE_DEBUG_INFO = NO;
				MTL_FAST_MATH = YES;
				SDKROOT = iphoneos;
				SWIFT_COMPILATION_MODE = wholemodule;
				SWIFT_OPTIMIZATION_LEVEL = "-O";
				VALIDATE_PRODUCT = YES;
			};
			name = Release;
		};
		9367CFB72674C403005FC98B /* Debug */ = {
			isa = XCBuildConfiguration;
			buildSettings = {
				ASSETCATALOG_COMPILER_APPICON_NAME = AppIcon;
				ASSETCATALOG_COMPILER_GLOBAL_ACCENT_COLOR_NAME = AccentColor;
				CODE_SIGN_STYLE = Automatic;
				DEVELOPMENT_ASSET_PATHS = "\"ios-app/Preview Content\"";
				ENABLE_PREVIEWS = YES;
				FRAMEWORK_SEARCH_PATHS = "$(SRCROOT)/../shared/build/xcode-frameworks";
				INFOPLIST_FILE = "ios-app/Info.plist";
				IPHONEOS_DEPLOYMENT_TARGET = 13.6;
				LD_RUNPATH_SEARCH_PATHS = (
					"$(inherited)",
					"@executable_path/Frameworks",
				);
				PRODUCT_BUNDLE_IDENTIFIER = "com.arkivanov.decompose.sample.masterdetail.ios-app";
				PRODUCT_NAME = "$(TARGET_NAME)";
				SWIFT_VERSION = 5.0;
				TARGETED_DEVICE_FAMILY = "1,2";
			};
			name = Debug;
		};
		9367CFB82674C403005FC98B /* Release */ = {
			isa = XCBuildConfiguration;
			buildSettings = {
				ASSETCATALOG_COMPILER_APPICON_NAME = AppIcon;
				ASSETCATALOG_COMPILER_GLOBAL_ACCENT_COLOR_NAME = AccentColor;
				CODE_SIGN_STYLE = Automatic;
				DEVELOPMENT_ASSET_PATHS = "\"ios-app/Preview Content\"";
				ENABLE_PREVIEWS = YES;
				FRAMEWORK_SEARCH_PATHS = "$(SRCROOT)/../shared/build/xcode-frameworks";
				INFOPLIST_FILE = "ios-app/Info.plist";
				IPHONEOS_DEPLOYMENT_TARGET = 13.6;
				LD_RUNPATH_SEARCH_PATHS = (
					"$(inherited)",
					"@executable_path/Frameworks",
				);
				PRODUCT_BUNDLE_IDENTIFIER = "com.arkivanov.decompose.sample.masterdetail.ios-app";
				PRODUCT_NAME = "$(TARGET_NAME)";
				SWIFT_VERSION = 5.0;
				TARGETED_DEVICE_FAMILY = "1,2";
			};
			name = Release;
		};
/* End XCBuildConfiguration section */

/* Begin XCConfigurationList section */
		9367CFA22674C401005FC98B /* Build configuration list for PBXProject "ios-app" */ = {
			isa = XCConfigurationList;
			buildConfigurations = (
				9367CFB42674C403005FC98B /* Debug */,
				9367CFB52674C403005FC98B /* Release */,
			);
			defaultConfigurationIsVisible = 0;
			defaultConfigurationName = Release;
		};
		9367CFB62674C403005FC98B /* Build configuration list for PBXNativeTarget "ios-app" */ = {
			isa = XCConfigurationList;
			buildConfigurations = (
				9367CFB72674C403005FC98B /* Debug */,
				9367CFB82674C403005FC98B /* Release */,
			);
			defaultConfigurationIsVisible = 0;
			defaultConfigurationName = Release;
		};
/* End XCConfigurationList section */
	};
	rootObject = 9367CF9F2674C401005FC98B /* Project object */;
}
