// !$*UTF8*$!
{
	archiveVersion = 1;
	classes = {
	};
	objectVersion = 50;
	objects = {

/* Begin PBXBuildFile section */
		428DE04526A7F59400A444E1 /* Counter WatchKit App.app in Embed Watch Content */ = {isa = PBXBuildFile; fileRef = 428DE04426A7F59400A444E1 /* Counter WatchKit App.app */; settings = {ATTRIBUTES = (RemoveHeadersOnCopy, ); }; };
		428DE04A26A7F59600A444E1 /* Assets.xcassets in Resources */ = {isa = PBXBuildFile; fileRef = 428DE04926A7F59600A444E1 /* Assets.xcassets */; };
		428DE05126A7F59600A444E1 /* Counter WatchKit Extension.appex in Embed App Extensions */ = {isa = PBXBuildFile; fileRef = 428DE05026A7F59600A444E1 /* Counter WatchKit Extension.appex */; settings = {ATTRIBUTES = (RemoveHeadersOnCopy, ); }; };
		428DE05626A7F59600A444E1 /* CounterApp.swift in Sources */ = {isa = PBXBuildFile; fileRef = 428DE05526A7F59600A444E1 /* CounterApp.swift */; };
		428DE05826A7F59600A444E1 /* ContentView.swift in Sources */ = {isa = PBXBuildFile; fileRef = 428DE05726A7F59600A444E1 /* ContentView.swift */; };
		428DE05A26A7F59600A444E1 /* NotificationController.swift in Sources */ = {isa = PBXBuildFile; fileRef = 428DE05926A7F59600A444E1 /* NotificationController.swift */; };
		428DE05C26A7F59600A444E1 /* NotificationView.swift in Sources */ = {isa = PBXBuildFile; fileRef = 428DE05B26A7F59600A444E1 /* NotificationView.swift */; };
		428DE05E26A7F59600A444E1 /* ComplicationController.swift in Sources */ = {isa = PBXBuildFile; fileRef = 428DE05D26A7F59600A444E1 /* ComplicationController.swift */; };
		428DE06026A7F59600A444E1 /* Assets.xcassets in Resources */ = {isa = PBXBuildFile; fileRef = 428DE05F26A7F59600A444E1 /* Assets.xcassets */; };
		428DE06326A7F59600A444E1 /* Preview Assets.xcassets in Resources */ = {isa = PBXBuildFile; fileRef = 428DE06226A7F59600A444E1 /* Preview Assets.xcassets */; };
		428DE09526A7FA0500A444E1 /* CounterRootView.swift in Sources */ = {isa = PBXBuildFile; fileRef = 428DE09426A7FA0500A444E1 /* CounterRootView.swift */; };
		428DE09726A7FA3000A444E1 /* ObservableValue.swift in Sources */ = {isa = PBXBuildFile; fileRef = 428DE09626A7FA3000A444E1 /* ObservableValue.swift */; };
		428DE09926A7FA5500A444E1 /* CounterView.swift in Sources */ = {isa = PBXBuildFile; fileRef = 428DE09826A7FA5500A444E1 /* CounterView.swift */; };
		428DE09B26A7FA7400A444E1 /* MutableStateBuilder.swift in Sources */ = {isa = PBXBuildFile; fileRef = 428DE09A26A7FA7400A444E1 /* MutableStateBuilder.swift */; };
		428DE09D26A7FAA000A444E1 /* CounterInnerView.swift in Sources */ = {isa = PBXBuildFile; fileRef = 428DE09C26A7FAA000A444E1 /* CounterInnerView.swift */; };
		428DE09F26A7FAF500A444E1 /* SimpleRouterState.swift in Sources */ = {isa = PBXBuildFile; fileRef = 428DE09E26A7FAF500A444E1 /* SimpleRouterState.swift */; };
/* End PBXBuildFile section */

/* Begin PBXContainerItemProxy section */
		428DE04626A7F59400A444E1 /* PBXContainerItemProxy */ = {
			isa = PBXContainerItemProxy;
			containerPortal = 428DE03A26A7F59400A444E1 /* Project object */;
			proxyType = 1;
			remoteGlobalIDString = 428DE04326A7F59400A444E1;
			remoteInfo = "Counter WatchKit App";
		};
		428DE05226A7F59600A444E1 /* PBXContainerItemProxy */ = {
			isa = PBXContainerItemProxy;
			containerPortal = 428DE03A26A7F59400A444E1 /* Project object */;
			proxyType = 1;
			remoteGlobalIDString = 428DE04F26A7F59600A444E1;
			remoteInfo = "Counter WatchKit Extension";
		};
		428DE06B26A7F59700A444E1 /* PBXContainerItemProxy */ = {
			isa = PBXContainerItemProxy;
			containerPortal = 428DE03A26A7F59400A444E1 /* Project object */;
			proxyType = 1;
			remoteGlobalIDString = 428DE04F26A7F59600A444E1;
			remoteInfo = "Counter WatchKit Extension";
		};
		428DE07626A7F59700A444E1 /* PBXContainerItemProxy */ = {
			isa = PBXContainerItemProxy;
			containerPortal = 428DE03A26A7F59400A444E1 /* Project object */;
			proxyType = 1;
			remoteGlobalIDString = 428DE04326A7F59400A444E1;
			remoteInfo = "Counter WatchKit App";
		};
/* End PBXContainerItemProxy section */

/* Begin PBXCopyFilesBuildPhase section */
		428DE08126A7F59700A444E1 /* Embed App Extensions */ = {
			isa = PBXCopyFilesBuildPhase;
			buildActionMask = 2147483647;
			dstPath = "";
			dstSubfolderSpec = 13;
			files = (
				428DE05126A7F59600A444E1 /* Counter WatchKit Extension.appex in Embed App Extensions */,
			);
			name = "Embed App Extensions";
			runOnlyForDeploymentPostprocessing = 0;
		};
		428DE08526A7F59700A444E1 /* Embed Watch Content */ = {
			isa = PBXCopyFilesBuildPhase;
			buildActionMask = 2147483647;
			dstPath = "$(CONTENTS_FOLDER_PATH)/Watch";
			dstSubfolderSpec = 16;
			files = (
				428DE04526A7F59400A444E1 /* Counter WatchKit App.app in Embed Watch Content */,
			);
			name = "Embed Watch Content";
			runOnlyForDeploymentPostprocessing = 0;
		};
/* End PBXCopyFilesBuildPhase section */

/* Begin PBXFileReference section */
		428DE04026A7F59400A444E1 /* Counter.app */ = {isa = PBXFileReference; explicitFileType = wrapper.application; includeInIndex = 0; path = Counter.app; sourceTree = BUILT_PRODUCTS_DIR; };
		428DE04426A7F59400A444E1 /* Counter WatchKit App.app */ = {isa = PBXFileReference; explicitFileType = wrapper.application; includeInIndex = 0; path = "Counter WatchKit App.app"; sourceTree = BUILT_PRODUCTS_DIR; };
		428DE04926A7F59600A444E1 /* Assets.xcassets */ = {isa = PBXFileReference; lastKnownFileType = folder.assetcatalog; path = Assets.xcassets; sourceTree = "<group>"; };
		428DE04B26A7F59600A444E1 /* Info.plist */ = {isa = PBXFileReference; lastKnownFileType = text.plist.xml; path = Info.plist; sourceTree = "<group>"; };
		428DE05026A7F59600A444E1 /* Counter WatchKit Extension.appex */ = {isa = PBXFileReference; explicitFileType = "wrapper.app-extension"; includeInIndex = 0; path = "Counter WatchKit Extension.appex"; sourceTree = BUILT_PRODUCTS_DIR; };
		428DE05526A7F59600A444E1 /* CounterApp.swift */ = {isa = PBXFileReference; lastKnownFileType = sourcecode.swift; path = CounterApp.swift; sourceTree = "<group>"; };
		428DE05726A7F59600A444E1 /* ContentView.swift */ = {isa = PBXFileReference; lastKnownFileType = sourcecode.swift; path = ContentView.swift; sourceTree = "<group>"; };
		428DE05926A7F59600A444E1 /* NotificationController.swift */ = {isa = PBXFileReference; lastKnownFileType = sourcecode.swift; path = NotificationController.swift; sourceTree = "<group>"; };
		428DE05B26A7F59600A444E1 /* NotificationView.swift */ = {isa = PBXFileReference; lastKnownFileType = sourcecode.swift; path = NotificationView.swift; sourceTree = "<group>"; };
		428DE05D26A7F59600A444E1 /* ComplicationController.swift */ = {isa = PBXFileReference; lastKnownFileType = sourcecode.swift; path = ComplicationController.swift; sourceTree = "<group>"; };
		428DE05F26A7F59600A444E1 /* Assets.xcassets */ = {isa = PBXFileReference; lastKnownFileType = folder.assetcatalog; path = Assets.xcassets; sourceTree = "<group>"; };
		428DE06226A7F59600A444E1 /* Preview Assets.xcassets */ = {isa = PBXFileReference; lastKnownFileType = folder.assetcatalog; path = "Preview Assets.xcassets"; sourceTree = "<group>"; };
		428DE06426A7F59600A444E1 /* Info.plist */ = {isa = PBXFileReference; lastKnownFileType = text.plist.xml; path = Info.plist; sourceTree = "<group>"; };
		428DE06526A7F59600A444E1 /* PushNotificationPayload.apns */ = {isa = PBXFileReference; lastKnownFileType = text; path = PushNotificationPayload.apns; sourceTree = "<group>"; };
		428DE06A26A7F59700A444E1 /* CounterTests.xctest */ = {isa = PBXFileReference; explicitFileType = wrapper.cfbundle; includeInIndex = 0; path = CounterTests.xctest; sourceTree = BUILT_PRODUCTS_DIR; };
		428DE07526A7F59700A444E1 /* CounterUITests.xctest */ = {isa = PBXFileReference; explicitFileType = wrapper.cfbundle; includeInIndex = 0; path = CounterUITests.xctest; sourceTree = BUILT_PRODUCTS_DIR; };
		428DE09026A7F87300A444E1 /* Counter.framework */ = {isa = PBXFileReference; lastKnownFileType = wrapper.framework; name = Counter.framework; path = "../shared/build/xcode-frameworks/Counter.framework"; sourceTree = "<group>"; };
		428DE09426A7FA0500A444E1 /* CounterRootView.swift */ = {isa = PBXFileReference; lastKnownFileType = sourcecode.swift; path = CounterRootView.swift; sourceTree = "<group>"; };
		428DE09626A7FA3000A444E1 /* ObservableValue.swift */ = {isa = PBXFileReference; lastKnownFileType = sourcecode.swift; path = ObservableValue.swift; sourceTree = "<group>"; };
		428DE09826A7FA5500A444E1 /* CounterView.swift */ = {isa = PBXFileReference; lastKnownFileType = sourcecode.swift; path = CounterView.swift; sourceTree = "<group>"; };
		428DE09A26A7FA7400A444E1 /* MutableStateBuilder.swift */ = {isa = PBXFileReference; lastKnownFileType = sourcecode.swift; path = MutableStateBuilder.swift; sourceTree = "<group>"; };
		428DE09C26A7FAA000A444E1 /* CounterInnerView.swift */ = {isa = PBXFileReference; lastKnownFileType = sourcecode.swift; path = CounterInnerView.swift; sourceTree = "<group>"; };
		428DE09E26A7FAF500A444E1 /* SimpleRouterState.swift */ = {isa = PBXFileReference; lastKnownFileType = sourcecode.swift; path = SimpleRouterState.swift; sourceTree = "<group>"; };
		428DE0A126A94CE200A444E1 /* Counter.framework */ = {isa = PBXFileReference; lastKnownFileType = wrapper.framework; name = Counter.framework; path = "../shared/build/xcode-frameworks-watchos/Counter.framework"; sourceTree = "<group>"; };
/* End PBXFileReference section */

/* Begin PBXFrameworksBuildPhase section */
		428DE04D26A7F59600A444E1 /* Frameworks */ = {
			isa = PBXFrameworksBuildPhase;
			buildActionMask = 2147483647;
			files = (
			);
			runOnlyForDeploymentPostprocessing = 0;
		};
		428DE06726A7F59700A444E1 /* Frameworks */ = {
			isa = PBXFrameworksBuildPhase;
			buildActionMask = 2147483647;
			files = (
			);
			runOnlyForDeploymentPostprocessing = 0;
		};
		428DE07226A7F59700A444E1 /* Frameworks */ = {
			isa = PBXFrameworksBuildPhase;
			buildActionMask = 2147483647;
			files = (
			);
			runOnlyForDeploymentPostprocessing = 0;
		};
/* End PBXFrameworksBuildPhase section */

/* Begin PBXGroup section */
		428DE03926A7F59400A444E1 = {
			isa = PBXGroup;
			children = (
				428DE04826A7F59400A444E1 /* Counter WatchKit App */,
				428DE05426A7F59600A444E1 /* Counter WatchKit Extension */,
				428DE04126A7F59400A444E1 /* Products */,
				428DE08F26A7F87300A444E1 /* Frameworks */,
			);
			sourceTree = "<group>";
		};
		428DE04126A7F59400A444E1 /* Products */ = {
			isa = PBXGroup;
			children = (
				428DE04026A7F59400A444E1 /* Counter.app */,
				428DE04426A7F59400A444E1 /* Counter WatchKit App.app */,
				428DE05026A7F59600A444E1 /* Counter WatchKit Extension.appex */,
				428DE06A26A7F59700A444E1 /* CounterTests.xctest */,
				428DE07526A7F59700A444E1 /* CounterUITests.xctest */,
			);
			name = Products;
			sourceTree = "<group>";
		};
		428DE04826A7F59400A444E1 /* Counter WatchKit App */ = {
			isa = PBXGroup;
			children = (
				428DE04926A7F59600A444E1 /* Assets.xcassets */,
				428DE04B26A7F59600A444E1 /* Info.plist */,
			);
			path = "Counter WatchKit App";
			sourceTree = "<group>";
		};
		428DE05426A7F59600A444E1 /* Counter WatchKit Extension */ = {
			isa = PBXGroup;
			children = (
				428DE05526A7F59600A444E1 /* CounterApp.swift */,
				428DE05726A7F59600A444E1 /* ContentView.swift */,
				428DE05926A7F59600A444E1 /* NotificationController.swift */,
				428DE05B26A7F59600A444E1 /* NotificationView.swift */,
				428DE05D26A7F59600A444E1 /* ComplicationController.swift */,
				428DE05F26A7F59600A444E1 /* Assets.xcassets */,
				428DE06426A7F59600A444E1 /* Info.plist */,
				428DE06526A7F59600A444E1 /* PushNotificationPayload.apns */,
				428DE06126A7F59600A444E1 /* Preview Content */,
				428DE09426A7FA0500A444E1 /* CounterRootView.swift */,
				428DE09C26A7FAA000A444E1 /* CounterInnerView.swift */,
				428DE09626A7FA3000A444E1 /* ObservableValue.swift */,
				428DE09826A7FA5500A444E1 /* CounterView.swift */,
				428DE09A26A7FA7400A444E1 /* MutableStateBuilder.swift */,
				428DE09E26A7FAF500A444E1 /* SimpleRouterState.swift */,
			);
			path = "Counter WatchKit Extension";
			sourceTree = "<group>";
		};
		428DE06126A7F59600A444E1 /* Preview Content */ = {
			isa = PBXGroup;
			children = (
				428DE06226A7F59600A444E1 /* Preview Assets.xcassets */,
			);
			path = "Preview Content";
			sourceTree = "<group>";
		};
		428DE08F26A7F87300A444E1 /* Frameworks */ = {
			isa = PBXGroup;
			children = (
				428DE0A126A94CE200A444E1 /* Counter.framework */,
				428DE09026A7F87300A444E1 /* Counter.framework */,
			);
			name = Frameworks;
			sourceTree = "<group>";
		};
/* End PBXGroup section */

/* Begin PBXNativeTarget section */
		428DE03F26A7F59400A444E1 /* Counter */ = {
			isa = PBXNativeTarget;
			buildConfigurationList = 428DE08626A7F59700A444E1 /* Build configuration list for PBXNativeTarget "Counter" */;
			buildPhases = (
				428DE03E26A7F59400A444E1 /* Resources */,
				428DE08526A7F59700A444E1 /* Embed Watch Content */,
			);
			buildRules = (
			);
			dependencies = (
				428DE04726A7F59400A444E1 /* PBXTargetDependency */,
			);
			name = Counter;
			productName = Counter;
			productReference = 428DE04026A7F59400A444E1 /* Counter.app */;
			productType = "com.apple.product-type.application.watchapp2-container";
		};
		428DE04326A7F59400A444E1 /* Counter WatchKit App */ = {
			isa = PBXNativeTarget;
			buildConfigurationList = 428DE08226A7F59700A444E1 /* Build configuration list for PBXNativeTarget "Counter WatchKit App" */;
			buildPhases = (
				428DE04226A7F59400A444E1 /* Resources */,
				428DE08126A7F59700A444E1 /* Embed App Extensions */,
			);
			buildRules = (
			);
			dependencies = (
				428DE05326A7F59600A444E1 /* PBXTargetDependency */,
			);
			name = "Counter WatchKit App";
			productName = "Counter WatchKit App";
			productReference = 428DE04426A7F59400A444E1 /* Counter WatchKit App.app */;
			productType = "com.apple.product-type.application.watchapp2";
		};
		428DE04F26A7F59600A444E1 /* Counter WatchKit Extension */ = {
			isa = PBXNativeTarget;
			buildConfigurationList = 428DE07E26A7F59700A444E1 /* Build configuration list for PBXNativeTarget "Counter WatchKit Extension" */;
			buildPhases = (
				428DE0A026A7FBD500A444E1 /* ShellScript */,
				428DE04C26A7F59600A444E1 /* Sources */,
				428DE04D26A7F59600A444E1 /* Frameworks */,
				428DE04E26A7F59600A444E1 /* Resources */,
			);
			buildRules = (
			);
			dependencies = (
			);
			name = "Counter WatchKit Extension";
			productName = "Counter WatchKit Extension";
			productReference = 428DE05026A7F59600A444E1 /* Counter WatchKit Extension.appex */;
			productType = "com.apple.product-type.watchkit2-extension";
		};
		428DE06926A7F59700A444E1 /* CounterTests */ = {
			isa = PBXNativeTarget;
			buildConfigurationList = 428DE08926A7F59700A444E1 /* Build configuration list for PBXNativeTarget "CounterTests" */;
			buildPhases = (
				428DE06626A7F59700A444E1 /* Sources */,
				428DE06726A7F59700A444E1 /* Frameworks */,
				428DE06826A7F59700A444E1 /* Resources */,
			);
			buildRules = (
			);
			dependencies = (
				428DE06C26A7F59700A444E1 /* PBXTargetDependency */,
			);
			name = CounterTests;
			productName = CounterTests;
			productReference = 428DE06A26A7F59700A444E1 /* CounterTests.xctest */;
			productType = "com.apple.product-type.bundle.unit-test";
		};
		428DE07426A7F59700A444E1 /* CounterUITests */ = {
			isa = PBXNativeTarget;
			buildConfigurationList = 428DE08C26A7F59700A444E1 /* Build configuration list for PBXNativeTarget "CounterUITests" */;
			buildPhases = (
				428DE07126A7F59700A444E1 /* Sources */,
				428DE07226A7F59700A444E1 /* Frameworks */,
				428DE07326A7F59700A444E1 /* Resources */,
			);
			buildRules = (
			);
			dependencies = (
				428DE07726A7F59700A444E1 /* PBXTargetDependency */,
			);
			name = CounterUITests;
			productName = CounterUITests;
			productReference = 428DE07526A7F59700A444E1 /* CounterUITests.xctest */;
			productType = "com.apple.product-type.bundle.ui-testing";
		};
/* End PBXNativeTarget section */

/* Begin PBXProject section */
		428DE03A26A7F59400A444E1 /* Project object */ = {
			isa = PBXProject;
			attributes = {
				LastSwiftUpdateCheck = 1250;
				LastUpgradeCheck = 1250;
				TargetAttributes = {
					428DE03F26A7F59400A444E1 = {
						CreatedOnToolsVersion = 12.5.1;
					};
					428DE04326A7F59400A444E1 = {
						CreatedOnToolsVersion = 12.5.1;
					};
					428DE04F26A7F59600A444E1 = {
						CreatedOnToolsVersion = 12.5.1;
					};
					428DE06926A7F59700A444E1 = {
						CreatedOnToolsVersion = 12.5.1;
						TestTargetID = 428DE04F26A7F59600A444E1;
					};
					428DE07426A7F59700A444E1 = {
						CreatedOnToolsVersion = 12.5.1;
						TestTargetID = 428DE04326A7F59400A444E1;
					};
				};
			};
			buildConfigurationList = 428DE03D26A7F59400A444E1 /* Build configuration list for PBXProject "Counter" */;
			compatibilityVersion = "Xcode 9.3";
			developmentRegion = en;
			hasScannedForEncodings = 0;
			knownRegions = (
				en,
				Base,
			);
			mainGroup = 428DE03926A7F59400A444E1;
			productRefGroup = 428DE04126A7F59400A444E1 /* Products */;
			projectDirPath = "";
			projectRoot = "";
			targets = (
				428DE03F26A7F59400A444E1 /* Counter */,
				428DE04326A7F59400A444E1 /* Counter WatchKit App */,
				428DE04F26A7F59600A444E1 /* Counter WatchKit Extension */,
				428DE06926A7F59700A444E1 /* CounterTests */,
				428DE07426A7F59700A444E1 /* CounterUITests */,
			);
		};
/* End PBXProject section */

/* Begin PBXResourcesBuildPhase section */
		428DE03E26A7F59400A444E1 /* Resources */ = {
			isa = PBXResourcesBuildPhase;
			buildActionMask = 2147483647;
			files = (
			);
			runOnlyForDeploymentPostprocessing = 0;
		};
		428DE04226A7F59400A444E1 /* Resources */ = {
			isa = PBXResourcesBuildPhase;
			buildActionMask = 2147483647;
			files = (
				428DE04A26A7F59600A444E1 /* Assets.xcassets in Resources */,
			);
			runOnlyForDeploymentPostprocessing = 0;
		};
		428DE04E26A7F59600A444E1 /* Resources */ = {
			isa = PBXResourcesBuildPhase;
			buildActionMask = 2147483647;
			files = (
				428DE06326A7F59600A444E1 /* Preview Assets.xcassets in Resources */,
				428DE06026A7F59600A444E1 /* Assets.xcassets in Resources */,
			);
			runOnlyForDeploymentPostprocessing = 0;
		};
		428DE06826A7F59700A444E1 /* Resources */ = {
			isa = PBXResourcesBuildPhase;
			buildActionMask = 2147483647;
			files = (
			);
			runOnlyForDeploymentPostprocessing = 0;
		};
		428DE07326A7F59700A444E1 /* Resources */ = {
			isa = PBXResourcesBuildPhase;
			buildActionMask = 2147483647;
			files = (
			);
			runOnlyForDeploymentPostprocessing = 0;
		};
/* End PBXResourcesBuildPhase section */

/* Begin PBXShellScriptBuildPhase section */
		428DE0A026A7FBD500A444E1 /* ShellScript */ = {
			isa = PBXShellScriptBuildPhase;
			buildActionMask = 2147483647;
			files = (
			);
			inputFileListPaths = (
			);
			inputPaths = (
			);
			outputFileListPaths = (
			);
			outputPaths = (
			);
			runOnlyForDeploymentPostprocessing = 0;
			shellPath = /bin/sh;
			shellScript = "cd $SRCROOT/../../..\n./gradlew :sample:counter:shared:embedAndSignAppleFrameworkForXcode\n";
		};
/* End PBXShellScriptBuildPhase section */

/* Begin PBXSourcesBuildPhase section */
		428DE04C26A7F59600A444E1 /* Sources */ = {
			isa = PBXSourcesBuildPhase;
			buildActionMask = 2147483647;
			files = (
				428DE05A26A7F59600A444E1 /* NotificationController.swift in Sources */,
				428DE09B26A7FA7400A444E1 /* MutableStateBuilder.swift in Sources */,
				428DE09D26A7FAA000A444E1 /* CounterInnerView.swift in Sources */,
				428DE09726A7FA3000A444E1 /* ObservableValue.swift in Sources */,
				428DE09F26A7FAF500A444E1 /* SimpleRouterState.swift in Sources */,
				428DE05826A7F59600A444E1 /* ContentView.swift in Sources */,
				428DE05E26A7F59600A444E1 /* ComplicationController.swift in Sources */,
				428DE09526A7FA0500A444E1 /* CounterRootView.swift in Sources */,
				428DE05626A7F59600A444E1 /* CounterApp.swift in Sources */,
				428DE05C26A7F59600A444E1 /* NotificationView.swift in Sources */,
				428DE09926A7FA5500A444E1 /* CounterView.swift in Sources */,
			);
			runOnlyForDeploymentPostprocessing = 0;
		};
		428DE06626A7F59700A444E1 /* Sources */ = {
			isa = PBXSourcesBuildPhase;
			buildActionMask = 2147483647;
			files = (
			);
			runOnlyForDeploymentPostprocessing = 0;
		};
		428DE07126A7F59700A444E1 /* Sources */ = {
			isa = PBXSourcesBuildPhase;
			buildActionMask = 2147483647;
			files = (
			);
			runOnlyForDeploymentPostprocessing = 0;
		};
/* End PBXSourcesBuildPhase section */

/* Begin PBXTargetDependency section */
		428DE04726A7F59400A444E1 /* PBXTargetDependency */ = {
			isa = PBXTargetDependency;
			target = 428DE04326A7F59400A444E1 /* Counter WatchKit App */;
			targetProxy = 428DE04626A7F59400A444E1 /* PBXContainerItemProxy */;
		};
		428DE05326A7F59600A444E1 /* PBXTargetDependency */ = {
			isa = PBXTargetDependency;
			target = 428DE04F26A7F59600A444E1 /* Counter WatchKit Extension */;
			targetProxy = 428DE05226A7F59600A444E1 /* PBXContainerItemProxy */;
		};
		428DE06C26A7F59700A444E1 /* PBXTargetDependency */ = {
			isa = PBXTargetDependency;
			target = 428DE04F26A7F59600A444E1 /* Counter WatchKit Extension */;
			targetProxy = 428DE06B26A7F59700A444E1 /* PBXContainerItemProxy */;
		};
		428DE07726A7F59700A444E1 /* PBXTargetDependency */ = {
			isa = PBXTargetDependency;
			target = 428DE04326A7F59400A444E1 /* Counter WatchKit App */;
			targetProxy = 428DE07626A7F59700A444E1 /* PBXContainerItemProxy */;
		};
/* End PBXTargetDependency section */

/* Begin XCBuildConfiguration section */
		428DE07C26A7F59700A444E1 /* Debug */ = {
			isa = XCBuildConfiguration;
			buildSettings = {
				ALWAYS_SEARCH_USER_PATHS = NO;
				CLANG_ANALYZER_NONNULL = YES;
				CLANG_ANALYZER_NUMBER_OBJECT_CONVERSION = YES_AGGRESSIVE;
				CLANG_CXX_LANGUAGE_STANDARD = "gnu++14";
				CLANG_CXX_LIBRARY = "libc++";
				CLANG_ENABLE_MODULES = YES;
				CLANG_ENABLE_OBJC_ARC = YES;
				CLANG_ENABLE_OBJC_WEAK = YES;
				CLANG_WARN_BLOCK_CAPTURE_AUTORELEASING = YES;
				CLANG_WARN_BOOL_CONVERSION = YES;
				CLANG_WARN_COMMA = YES;
				CLANG_WARN_CONSTANT_CONVERSION = YES;
				CLANG_WARN_DEPRECATED_OBJC_IMPLEMENTATIONS = YES;
				CLANG_WARN_DIRECT_OBJC_ISA_USAGE = YES_ERROR;
				CLANG_WARN_DOCUMENTATION_COMMENTS = YES;
				CLANG_WARN_EMPTY_BODY = YES;
				CLANG_WARN_ENUM_CONVERSION = YES;
				CLANG_WARN_INFINITE_RECURSION = YES;
				CLANG_WARN_INT_CONVERSION = YES;
				CLANG_WARN_NON_LITERAL_NULL_CONVERSION = YES;
				CLANG_WARN_OBJC_IMPLICIT_RETAIN_SELF = YES;
				CLANG_WARN_OBJC_LITERAL_CONVERSION = YES;
				CLANG_WARN_OBJC_ROOT_CLASS = YES_ERROR;
				CLANG_WARN_QUOTED_INCLUDE_IN_FRAMEWORK_HEADER = YES;
				CLANG_WARN_RANGE_LOOP_ANALYSIS = YES;
				CLANG_WARN_STRICT_PROTOTYPES = YES;
				CLANG_WARN_SUSPICIOUS_MOVE = YES;
				CLANG_WARN_UNGUARDED_AVAILABILITY = YES_AGGRESSIVE;
				CLANG_WARN_UNREACHABLE_CODE = YES;
				CLANG_WARN__DUPLICATE_METHOD_MATCH = YES;
				COPY_PHASE_STRIP = NO;
				DEBUG_INFORMATION_FORMAT = dwarf;
				ENABLE_STRICT_OBJC_MSGSEND = YES;
				ENABLE_TESTABILITY = YES;
				GCC_C_LANGUAGE_STANDARD = gnu11;
				GCC_DYNAMIC_NO_PIC = NO;
				GCC_NO_COMMON_BLOCKS = YES;
				GCC_OPTIMIZATION_LEVEL = 0;
				GCC_PREPROCESSOR_DEFINITIONS = (
					"DEBUG=1",
					"$(inherited)",
				);
				GCC_WARN_64_TO_32_BIT_CONVERSION = YES;
				GCC_WARN_ABOUT_RETURN_TYPE = YES_ERROR;
				GCC_WARN_UNDECLARED_SELECTOR = YES;
				GCC_WARN_UNINITIALIZED_AUTOS = YES_AGGRESSIVE;
				GCC_WARN_UNUSED_FUNCTION = YES;
				GCC_WARN_UNUSED_VARIABLE = YES;
				MTL_ENABLE_DEBUG_INFO = INCLUDE_SOURCE;
				MTL_FAST_MATH = YES;
				ONLY_ACTIVE_ARCH = YES;
				SDKROOT = iphoneos;
				SWIFT_ACTIVE_COMPILATION_CONDITIONS = DEBUG;
				SWIFT_OPTIMIZATION_LEVEL = "-Onone";
			};
			name = Debug;
		};
		428DE07D26A7F59700A444E1 /* Release */ = {
			isa = XCBuildConfiguration;
			buildSettings = {
				ALWAYS_SEARCH_USER_PATHS = NO;
				CLANG_ANALYZER_NONNULL = YES;
				CLANG_ANALYZER_NUMBER_OBJECT_CONVERSION = YES_AGGRESSIVE;
				CLANG_CXX_LANGUAGE_STANDARD = "gnu++14";
				CLANG_CXX_LIBRARY = "libc++";
				CLANG_ENABLE_MODULES = YES;
				CLANG_ENABLE_OBJC_ARC = YES;
				CLANG_ENABLE_OBJC_WEAK = YES;
				CLANG_WARN_BLOCK_CAPTURE_AUTORELEASING = YES;
				CLANG_WARN_BOOL_CONVERSION = YES;
				CLANG_WARN_COMMA = YES;
				CLANG_WARN_CONSTANT_CONVERSION = YES;
				CLANG_WARN_DEPRECATED_OBJC_IMPLEMENTATIONS = YES;
				CLANG_WARN_DIRECT_OBJC_ISA_USAGE = YES_ERROR;
				CLANG_WARN_DOCUMENTATION_COMMENTS = YES;
				CLANG_WARN_EMPTY_BODY = YES;
				CLANG_WARN_ENUM_CONVERSION = YES;
				CLANG_WARN_INFINITE_RECURSION = YES;
				CLANG_WARN_INT_CONVERSION = YES;
				CLANG_WARN_NON_LITERAL_NULL_CONVERSION = YES;
				CLANG_WARN_OBJC_IMPLICIT_RETAIN_SELF = YES;
				CLANG_WARN_OBJC_LITERAL_CONVERSION = YES;
				CLANG_WARN_OBJC_ROOT_CLASS = YES_ERROR;
				CLANG_WARN_QUOTED_INCLUDE_IN_FRAMEWORK_HEADER = YES;
				CLANG_WARN_RANGE_LOOP_ANALYSIS = YES;
				CLANG_WARN_STRICT_PROTOTYPES = YES;
				CLANG_WARN_SUSPICIOUS_MOVE = YES;
				CLANG_WARN_UNGUARDED_AVAILABILITY = YES_AGGRESSIVE;
				CLANG_WARN_UNREACHABLE_CODE = YES;
				CLANG_WARN__DUPLICATE_METHOD_MATCH = YES;
				COPY_PHASE_STRIP = NO;
				DEBUG_INFORMATION_FORMAT = "dwarf-with-dsym";
				ENABLE_NS_ASSERTIONS = NO;
				ENABLE_STRICT_OBJC_MSGSEND = YES;
				GCC_C_LANGUAGE_STANDARD = gnu11;
				GCC_NO_COMMON_BLOCKS = YES;
				GCC_WARN_64_TO_32_BIT_CONVERSION = YES;
				GCC_WARN_ABOUT_RETURN_TYPE = YES_ERROR;
				GCC_WARN_UNDECLARED_SELECTOR = YES;
				GCC_WARN_UNINITIALIZED_AUTOS = YES_AGGRESSIVE;
				GCC_WARN_UNUSED_FUNCTION = YES;
				GCC_WARN_UNUSED_VARIABLE = YES;
				MTL_ENABLE_DEBUG_INFO = NO;
				MTL_FAST_MATH = YES;
				SDKROOT = iphoneos;
				SWIFT_COMPILATION_MODE = wholemodule;
				SWIFT_OPTIMIZATION_LEVEL = "-O";
				VALIDATE_PRODUCT = YES;
			};
			name = Release;
		};
		428DE07F26A7F59700A444E1 /* Debug */ = {
			isa = XCBuildConfiguration;
			buildSettings = {
				ASSETCATALOG_COMPILER_COMPLICATION_NAME = Complication;
				CODE_SIGN_STYLE = Automatic;
				DEVELOPMENT_ASSET_PATHS = "\"Counter WatchKit Extension/Preview Content\"";
				DEVELOPMENT_TEAM = R358GFLTMU;
				ENABLE_PREVIEWS = YES;
				EXCLUDED_ARCHS = "armv7k arm64";
				FRAMEWORK_SEARCH_PATHS = "$(SRCROOT)/../shared/build/xcode-frameworks/$(CONFIGURATION)/$(SDK_NAME)";
				INFOPLIST_FILE = "Counter WatchKit Extension/Info.plist";
				LD_RUNPATH_SEARCH_PATHS = (
					"$(inherited)",
					"@executable_path/Frameworks",
					"@executable_path/../../Frameworks",
				);
				OTHER_LDFLAGS = (
					"$(inherited)",
					"-framework",
					Counter,
				);
				PRODUCT_BUNDLE_IDENTIFIER = com.arkivanov.decompose.Counter.watchkitapp.watchkitextension;
				PRODUCT_NAME = "${TARGET_NAME}";
				SDKROOT = watchos;
				SKIP_INSTALL = YES;
				SWIFT_VERSION = 5.0;
				TARGETED_DEVICE_FAMILY = 4;
				WATCHOS_DEPLOYMENT_TARGET = 7.4;
			};
			name = Debug;
		};
		428DE08026A7F59700A444E1 /* Release */ = {
			isa = XCBuildConfiguration;
			buildSettings = {
				ASSETCATALOG_COMPILER_COMPLICATION_NAME = Complication;
				CODE_SIGN_STYLE = Automatic;
				DEVELOPMENT_ASSET_PATHS = "\"Counter WatchKit Extension/Preview Content\"";
				DEVELOPMENT_TEAM = R358GFLTMU;
				ENABLE_PREVIEWS = YES;
				EXCLUDED_ARCHS = "armv7k arm64";
				FRAMEWORK_SEARCH_PATHS = "$(SRCROOT)/../shared/build/xcode-frameworks/$(CONFIGURATION)/$(SDK_NAME)";
				INFOPLIST_FILE = "Counter WatchKit Extension/Info.plist";
				LD_RUNPATH_SEARCH_PATHS = (
					"$(inherited)",
					"@executable_path/Frameworks",
					"@executable_path/../../Frameworks",
				);
				OTHER_LDFLAGS = (
					"$(inherited)",
					"-framework",
					Counter,
				);
				PRODUCT_BUNDLE_IDENTIFIER = com.arkivanov.decompose.Counter.watchkitapp.watchkitextension;
				PRODUCT_NAME = "${TARGET_NAME}";
				SDKROOT = watchos;
				SKIP_INSTALL = YES;
				SWIFT_VERSION = 5.0;
				TARGETED_DEVICE_FAMILY = 4;
				WATCHOS_DEPLOYMENT_TARGET = 7.4;
			};
			name = Release;
		};
		428DE08326A7F59700A444E1 /* Debug */ = {
			isa = XCBuildConfiguration;
			buildSettings = {
				ALWAYS_EMBED_SWIFT_STANDARD_LIBRARIES = YES;
				ASSETCATALOG_COMPILER_APPICON_NAME = AppIcon;
				ASSETCATALOG_COMPILER_GLOBAL_ACCENT_COLOR_NAME = AccentColor;
				CODE_SIGN_STYLE = Automatic;
				DEVELOPMENT_TEAM = R358GFLTMU;
				IBSC_MODULE = Counter_WatchKit_Extension;
				INFOPLIST_FILE = "Counter WatchKit App/Info.plist";
				PRODUCT_BUNDLE_IDENTIFIER = com.arkivanov.decompose.Counter.watchkitapp;
				PRODUCT_NAME = "$(TARGET_NAME)";
				SDKROOT = watchos;
				SKIP_INSTALL = YES;
				SWIFT_VERSION = 5.0;
				TARGETED_DEVICE_FAMILY = 4;
				WATCHOS_DEPLOYMENT_TARGET = 7.4;
			};
			name = Debug;
		};
		428DE08426A7F59700A444E1 /* Release */ = {
			isa = XCBuildConfiguration;
			buildSettings = {
				ALWAYS_EMBED_SWIFT_STANDARD_LIBRARIES = YES;
				ASSETCATALOG_COMPILER_APPICON_NAME = AppIcon;
				ASSETCATALOG_COMPILER_GLOBAL_ACCENT_COLOR_NAME = AccentColor;
				CODE_SIGN_STYLE = Automatic;
				DEVELOPMENT_TEAM = R358GFLTMU;
				IBSC_MODULE = Counter_WatchKit_Extension;
				INFOPLIST_FILE = "Counter WatchKit App/Info.plist";
				PRODUCT_BUNDLE_IDENTIFIER = com.arkivanov.decompose.Counter.watchkitapp;
				PRODUCT_NAME = "$(TARGET_NAME)";
				SDKROOT = watchos;
				SKIP_INSTALL = YES;
				SWIFT_VERSION = 5.0;
				TARGETED_DEVICE_FAMILY = 4;
				WATCHOS_DEPLOYMENT_TARGET = 7.4;
			};
			name = Release;
		};
		428DE08726A7F59700A444E1 /* Debug */ = {
			isa = XCBuildConfiguration;
			buildSettings = {
				CODE_SIGN_STYLE = Automatic;
				CURRENT_PROJECT_VERSION = 1;
				DEVELOPMENT_TEAM = R358GFLTMU;
				MARKETING_VERSION = 1.0;
				PRODUCT_BUNDLE_IDENTIFIER = com.arkivanov.decompose.Counter;
				PRODUCT_NAME = "$(TARGET_NAME)";
				SWIFT_VERSION = 5.0;
			};
			name = Debug;
		};
		428DE08826A7F59700A444E1 /* Release */ = {
			isa = XCBuildConfiguration;
			buildSettings = {
				CODE_SIGN_STYLE = Automatic;
				CURRENT_PROJECT_VERSION = 1;
				DEVELOPMENT_TEAM = R358GFLTMU;
				MARKETING_VERSION = 1.0;
				PRODUCT_BUNDLE_IDENTIFIER = com.arkivanov.decompose.Counter;
				PRODUCT_NAME = "$(TARGET_NAME)";
				SWIFT_VERSION = 5.0;
			};
			name = Release;
		};
		428DE08A26A7F59700A444E1 /* Debug */ = {
			isa = XCBuildConfiguration;
			buildSettings = {
				ALWAYS_EMBED_SWIFT_STANDARD_LIBRARIES = YES;
				BUNDLE_LOADER = "$(TEST_HOST)";
				CODE_SIGN_STYLE = Automatic;
				DEVELOPMENT_TEAM = R358GFLTMU;
				INFOPLIST_FILE = CounterTests/Info.plist;
				LD_RUNPATH_SEARCH_PATHS = (
					"$(inherited)",
					"@executable_path/Frameworks",
					"@loader_path/Frameworks",
				);
				PRODUCT_BUNDLE_IDENTIFIER = com.arkivanov.decompose.CounterTests;
				PRODUCT_NAME = "$(TARGET_NAME)";
				SDKROOT = watchos;
				SWIFT_VERSION = 5.0;
				TARGETED_DEVICE_FAMILY = 4;
				TEST_HOST = "$(BUILT_PRODUCTS_DIR)/Counter WatchKit Extension.appex/Counter WatchKit Extension";
				WATCHOS_DEPLOYMENT_TARGET = 7.4;
			};
			name = Debug;
		};
		428DE08B26A7F59700A444E1 /* Release */ = {
			isa = XCBuildConfiguration;
			buildSettings = {
				ALWAYS_EMBED_SWIFT_STANDARD_LIBRARIES = YES;
				BUNDLE_LOADER = "$(TEST_HOST)";
				CODE_SIGN_STYLE = Automatic;
				DEVELOPMENT_TEAM = R358GFLTMU;
				INFOPLIST_FILE = CounterTests/Info.plist;
				LD_RUNPATH_SEARCH_PATHS = (
					"$(inherited)",
					"@executable_path/Frameworks",
					"@loader_path/Frameworks",
				);
				PRODUCT_BUNDLE_IDENTIFIER = com.arkivanov.decompose.CounterTests;
				PRODUCT_NAME = "$(TARGET_NAME)";
				SDKROOT = watchos;
				SWIFT_VERSION = 5.0;
				TARGETED_DEVICE_FAMILY = 4;
				TEST_HOST = "$(BUILT_PRODUCTS_DIR)/Counter WatchKit Extension.appex/Counter WatchKit Extension";
				WATCHOS_DEPLOYMENT_TARGET = 7.4;
			};
			name = Release;
		};
		428DE08D26A7F59700A444E1 /* Debug */ = {
			isa = XCBuildConfiguration;
			buildSettings = {
				CODE_SIGN_STYLE = Automatic;
				DEVELOPMENT_TEAM = R358GFLTMU;
				INFOPLIST_FILE = CounterUITests/Info.plist;
				LD_RUNPATH_SEARCH_PATHS = (
					"$(inherited)",
					"@executable_path/Frameworks",
					"@loader_path/Frameworks",
				);
				PRODUCT_BUNDLE_IDENTIFIER = com.arkivanov.decompose.CounterUITests;
				PRODUCT_NAME = "$(TARGET_NAME)";
				SDKROOT = watchos;
				SWIFT_VERSION = 5.0;
				TARGETED_DEVICE_FAMILY = 4;
				TEST_TARGET_NAME = "Counter WatchKit App";
				WATCHOS_DEPLOYMENT_TARGET = 7.4;
			};
			name = Debug;
		};
		428DE08E26A7F59700A444E1 /* Release */ = {
			isa = XCBuildConfiguration;
			buildSettings = {
				CODE_SIGN_STYLE = Automatic;
				DEVELOPMENT_TEAM = R358GFLTMU;
				INFOPLIST_FILE = CounterUITests/Info.plist;
				LD_RUNPATH_SEARCH_PATHS = (
					"$(inherited)",
					"@executable_path/Frameworks",
					"@loader_path/Frameworks",
				);
				PRODUCT_BUNDLE_IDENTIFIER = com.arkivanov.decompose.CounterUITests;
				PRODUCT_NAME = "$(TARGET_NAME)";
				SDKROOT = watchos;
				SWIFT_VERSION = 5.0;
				TARGETED_DEVICE_FAMILY = 4;
				TEST_TARGET_NAME = "Counter WatchKit App";
				WATCHOS_DEPLOYMENT_TARGET = 7.4;
			};
			name = Release;
		};
/* End XCBuildConfiguration section */

/* Begin XCConfigurationList section */
		428DE03D26A7F59400A444E1 /* Build configuration list for PBXProject "Counter" */ = {
			isa = XCConfigurationList;
			buildConfigurations = (
				428DE07C26A7F59700A444E1 /* Debug */,
				428DE07D26A7F59700A444E1 /* Release */,
			);
			defaultConfigurationIsVisible = 0;
			defaultConfigurationName = Release;
		};
		428DE07E26A7F59700A444E1 /* Build configuration list for PBXNativeTarget "Counter WatchKit Extension" */ = {
			isa = XCConfigurationList;
			buildConfigurations = (
				428DE07F26A7F59700A444E1 /* Debug */,
				428DE08026A7F59700A444E1 /* Release */,
			);
			defaultConfigurationIsVisible = 0;
			defaultConfigurationName = Release;
		};
		428DE08226A7F59700A444E1 /* Build configuration list for PBXNativeTarget "Counter WatchKit App" */ = {
			isa = XCConfigurationList;
			buildConfigurations = (
				428DE08326A7F59700A444E1 /* Debug */,
				428DE08426A7F59700A444E1 /* Release */,
			);
			defaultConfigurationIsVisible = 0;
			defaultConfigurationName = Release;
		};
		428DE08626A7F59700A444E1 /* Build configuration list for PBXNativeTarget "Counter" */ = {
			isa = XCConfigurationList;
			buildConfigurations = (
				428DE08726A7F59700A444E1 /* Debug */,
				428DE08826A7F59700A444E1 /* Release */,
			);
			defaultConfigurationIsVisible = 0;
			defaultConfigurationName = Release;
		};
		428DE08926A7F59700A444E1 /* Build configuration list for PBXNativeTarget "CounterTests" */ = {
			isa = XCConfigurationList;
			buildConfigurations = (
				428DE08A26A7F59700A444E1 /* Debug */,
				428DE08B26A7F59700A444E1 /* Release */,
			);
			defaultConfigurationIsVisible = 0;
			defaultConfigurationName = Release;
		};
		428DE08C26A7F59700A444E1 /* Build configuration list for PBXNativeTarget "CounterUITests" */ = {
			isa = XCConfigurationList;
			buildConfigurations = (
				428DE08D26A7F59700A444E1 /* Debug */,
				428DE08E26A7F59700A444E1 /* Release */,
			);
			defaultConfigurationIsVisible = 0;
			defaultConfigurationName = Release;
		};
/* End XCConfigurationList section */
	};
	rootObject = 428DE03A26A7F59400A444E1 /* Project object */;
}
